{
  "version": 4,
  "terraform_version": "1.2.8",
  "serial": 13,
  "lineage": "13534172-4422-ac01-f7e2-8e9a051ab2bb",
  "outputs": {},
  "resources": [
    {
      "mode": "managed",
      "type": "aws_iam_policy",
      "name": "test1_policy",
      "provider": "provider[\"registry.terraform.io/hashicorp/aws\"]",
      "instances": [
        {
          "schema_version": 0,
          "attributes": {
            "arn": "arn:aws:iam::748650562431:policy/apps/test1-policy",
            "description": "IAM Policy for test1 role",
            "id": "arn:aws:iam::748650562431:policy/apps/test1-policy",
            "name": "test1-policy",
            "name_prefix": null,
            "path": "/apps/",
            "policy": "{\"Statement\":[{\"Action\":[\"logs:CreateLogGroup\"],\"Effect\":\"Allow\",\"Resource\":\"arn:aws:logs:*:*:*\"}],\"Version\":\"2012-10-17\"}",
            "policy_id": "ANPA24TYNAN77IOCULFW7",
            "tags": {},
            "tags_all": {}
          },
          "sensitive_attributes": [],
          "private": "bnVsbA=="
        }
      ]
    },
    {
      "mode": "managed",
      "type": "aws_iam_role",
      "name": "test_role1",
      "provider": "provider[\"registry.terraform.io/hashicorp/aws\"]",
      "instances": [
        {
          "schema_version": 0,
          "attributes": {
            "arn": "arn:aws:iam::748650562431:role/apps/test-role1",
            "assume_role_policy": "{\"Statement\":[{\"Action\":\"sts:AssumeRole\",\"Effect\":\"Allow\",\"Principal\":{\"Service\":\"lambda.amazonaws.com\"},\"Sid\":\"\"}],\"Version\":\"2012-10-17\"}",
            "create_date": "2022-10-22T15:05:56Z",
            "description": "",
            "force_detach_policies": false,
            "id": "test-role1",
            "inline_policy": [],
            "managed_policy_arns": [
              "arn:aws:iam::748650562431:policy/apps/test1-policy"
            ],
            "max_session_duration": 3600,
            "name": "test-role1",
            "name_prefix": "",
            "path": "/apps/",
            "permissions_boundary": null,
            "tags": {
              "tag-key": "tag-value"
            },
            "tags_all": {
              "tag-key": "tag-value"
            },
            "unique_id": "AROA24TYNAN7VAZXJMDPP"
          },
          "sensitive_attributes": [],
          "private": "bnVsbA=="
        }
      ]
    },
    {
      "mode": "managed",
      "type": "aws_iam_role",
      "name": "test_role2",
      "provider": "provider[\"registry.terraform.io/hashicorp/aws\"]",
      "instances": [
        {
          "schema_version": 0,
          "attributes": {
            "arn": "arn:aws:iam::748650562431:role/apps/test-role2",
            "assume_role_policy": "{\"Statement\":[{\"Action\":\"sts:AssumeRole\",\"Effect\":\"Allow\",\"Principal\":{\"Service\":\"lambda.amazonaws.com\"},\"Sid\":\"\"}],\"Version\":\"2012-10-17\"}",
            "create_date": "2022-10-22T15:09:56Z",
            "description": "",
            "force_detach_policies": false,
            "id": "test-role2",
            "inline_policy": [],
            "managed_policy_arns": [],
            "max_session_duration": 3600,
            "name": "test-role2",
            "name_prefix": "",
            "path": "/apps/",
            "permissions_boundary": null,
            "tags": {
              "tag-key": "tag-value"
            },
            "tags_all": {
              "tag-key": "tag-value"
            },
            "unique_id": "AROA24TYNAN7ZSB5PSZEO"
          },
          "sensitive_attributes": [],
          "private": "bnVsbA=="
        }
      ]
    },
    {
      "mode": "managed",
      "type": "aws_iam_role_policy_attachment",
      "name": "add_policy_test1",
      "provider": "provider[\"registry.terraform.io/hashicorp/aws\"]",
      "instances": [
        {
          "schema_version": 0,
          "attributes": {
            "id": "test-role1-20221022163320324200000001",
            "policy_arn": "arn:aws:iam::748650562431:policy/apps/test1-policy",
            "role": "test-role1"
          },
          "sensitive_attributes": [],
          "private": "bnVsbA==",
          "dependencies": [
            "aws_iam_policy.test1_policy",
            "aws_iam_role.test_role1"
          ]
        }
      ]
    }
  ]
}
